
Microsoft Visual Studio Solution File, Format Version 11.00
# Visual Studio 2010
Project("{FAE04EC0-301F-11D3-BF4B-00C04F79EFBC}") = "DeveloLens", "Assembly-CSharp.csproj", "{348A2AC9-F808-FC00-487C-8D32E76D670E}"
EndProject
Project("{FAE04EC0-301F-11D3-BF4B-00C04F79EFBC}") = "DeveloLens", "Assembly-CSharp-Editor.csproj", "{5C99121B-925D-8847-0D49-100F4F8CCC01}"
EndProject
Global
	GlobalSection(SolutionConfigurationPlatforms) = preSolution
		Debug|Any CPU = Debug|Any CPU
		Release|Any CPU = Release|Any CPU
	EndGlobalSection
	GlobalSection(ProjectConfigurationPlatforms) = postSolution
		{348A2AC9-F808-FC00-487C-8D32E76D670E}.Debug|Any CPU.ActiveCfg = Debug|Any CPU
		{348A2AC9-F808-FC00-487C-8D32E76D670E}.Debug|Any CPU.Build.0 = Debug|Any CPU
		{348A2AC9-F808-FC00-487C-8D32E76D670E}.Release|Any CPU.ActiveCfg = Release|Any CPU
		{348A2AC9-F808-FC00-487C-8D32E76D670E}.Release|Any CPU.Build.0 = Release|Any CPU
		{5C99121B-925D-8847-0D49-100F4F8CCC01}.Debug|Any CPU.ActiveCfg = Debug|Any CPU
		{5C99121B-925D-8847-0D49-100F4F8CCC01}.Debug|Any CPU.Build.0 = Debug|Any CPU
		{5C99121B-925D-8847-0D49-100F4F8CCC01}.Release|Any CPU.ActiveCfg = Release|Any CPU
		{5C99121B-925D-8847-0D49-100F4F8CCC01}.Release|Any CPU.Build.0 = Release|Any CPU
	EndGlobalSection
	GlobalSection(SolutionProperties) = preSolution
		HideSolutionNode = FALSE
	EndGlobalSection
	GlobalSection(MonoDevelopProperties) = preSolution
		StartupItem = Assembly-CSharp.csproj
	EndGlobalSection
EndGlobal
